
Microsoft Visual Studio Solution File, Format Version 12.00
# Visual Studio Version 17
VisualStudioVersion = 17.10.35013.160
MinimumVisualStudioVersion = 10.0.40219.1
Project("{FAE04EC0-301F-11D3-BF4B-00C04F79EFBC}") = "SolidWorksExcelAddin", "SolidWorksExcelAddin.csproj", "{BDD95B70-DFB2-40D7-906E-EE5A4A8D90B9}"
EndProject
Global
	GlobalSection(SolutionConfigurationPlatforms) = preSolution
		Debug|Any CPU = Debug|Any CPU
		Release|Any CPU = Release|Any CPU
	EndGlobalSection
	GlobalSection(ProjectConfigurationPlatforms) = postSolution
		{BDD95B70-DFB2-40D7-906E-EE5A4A8D90B9}.Debug|Any CPU.ActiveCfg = Debug|Any CPU
		{BDD95B70-DFB2-40D7-906E-EE5A4A8D90B9}.Debug|Any CPU.Build.0 = Debug|Any CPU
		{BDD95B70-DFB2-40D7-906E-EE5A4A8D90B9}.Release|Any CPU.ActiveCfg = Release|Any CPU
		{BDD95B70-DFB2-40D7-906E-EE5A4A8D90B9}.Release|Any CPU.Build.0 = Release|Any CPU
	EndGlobalSection
	GlobalSection(SolutionProperties) = preSolution
		HideSolutionNode = FALSE
	EndGlobalSection
	GlobalSection(ExtensibilityGlobals) = postSolution
		SolutionGuid = {E70D60F9-28B4-4BD4-A2C1-A53160966B5F}
	EndGlobalSection
EndGlobal
